{
  "lockfile-version": 1,
  "manifest": {
    "schema-version": "1.11.0",
    "install": {
      "bun": {
        "pkg-path": "bun",
        "version": "1.3"
      }
    },
    "hook": {},
    "profile": {},
    "options": {}
  },
  "packages": [
    {
      "attr_path": "bun",
      "broken": false,
      "derivation": "/nix/store/2xg0yk46pr2lq6c27why9cmis953l6vd-bun-1.3.13.drv",
      "description": "Incredibly fast JavaScript runtime, bundler, transpiler and package manager – all in one",
      "install_id": "bun",
      "license": "[ MIT, LGPL-2.1-only ]",
      "locked_url": "https://github.com/flox/nixpkgs?rev=331800de5053fcebacf6813adb5db9c9dca22a0c",
      "name": "bun-1.3.13",
      "pname": "bun",
      "rev": "331800de5053fcebacf6813adb5db9c9dca22a0c",
      "rev_count": 1008282,
      "rev_date": "2026-05-31T16:09:29Z",
      "scrape_date": "2026-06-02T08:55:39.994102Z",
      "stabilities": [
        "unstable"
      ],
      "unfree": false,
      "version": "1.3.13",
      "outputs_to_install": [
        "out"
      ],
      "outputs": {
        "out": "/nix/store/jgl1hjr0cf6s32jcnqmkp44av4flamap-bun-1.3.13"
      },
      "system": "aarch64-darwin",
      "group": "toplevel",
      "priority": 5
    },
    {
      "attr_path": "bun",
      "broken": false,
      "derivation": "/nix/store/05kg2c8div5xcsnkj8pa9ppaq1g1c3yb-bun-1.3.13.drv",
      "description": "Incredibly fast JavaScript runtime, bundler, transpiler and package manager – all in one",
      "install_id": "bun",
      "license": "[ MIT, LGPL-2.1-only ]",
      "locked_url": "https://github.com/flox/nixpkgs?rev=331800de5053fcebacf6813adb5db9c9dca22a0c",
      "name": "bun-1.3.13",
      "pname": "bun",
      "rev": "331800de5053fcebacf6813adb5db9c9dca22a0c",
      "rev_count": 1008282,
      "rev_date": "2026-05-31T16:09:29Z",
      "scrape_date": "2026-06-02T09:40:18.695793Z",
      "stabilities": [
        "unstable"
      ],
      "unfree": false,
      "version": "1.3.13",
      "outputs_to_install": [
        "out"
      ],
      "outputs": {
        "out": "/nix/store/ywc7zrq5vr32ashfgc7dp84a2f3rzic6-bun-1.3.13"
      },
      "system": "aarch64-linux",
      "group": "toplevel",
      "priority": 5
    },
    {
      "attr_path": "bun",
      "broken": false,
      "derivation": "/nix/store/gnvvs1wanfam79pi3yk14mmb6ihrzn47-bun-1.3.13.drv",
      "description": "Incredibly fast JavaScript runtime, bundler, transpiler and package manager – all in one",
      "install_id": "bun",
      "license": "[ MIT, LGPL-2.1-only ]",
      "locked_url": "https://github.com/flox/nixpkgs?rev=331800de5053fcebacf6813adb5db9c9dca22a0c",
      "name": "bun-1.3.13",
      "pname": "bun",
      "rev": "331800de5053fcebacf6813adb5db9c9dca22a0c",
      "rev_count": 1008282,
      "rev_date": "2026-05-31T16:09:29Z",
      "scrape_date": "2026-06-02T10:24:47.203147Z",
      "stabilities": [
        "unstable"
      ],
      "unfree": false,
      "version": "1.3.13",
      "outputs_to_install": [
        "out"
      ],
      "outputs": {
        "out": "/nix/store/1nphhxm1h3pya9j86kql2gpsvy6nizr4-bun-1.3.13"
      },
      "system": "x86_64-darwin",
      "group": "toplevel",
      "priority": 5
    },
    {
      "attr_path": "bun",
      "broken": false,
      "derivation": "/nix/store/pymjz37lyh092z3r60q6h826rxqljfzz-bun-1.3.13.drv",
      "description": "Incredibly fast JavaScript runtime, bundler, transpiler and package manager – all in one",
      "install_id": "bun",
      "license": "[ MIT, LGPL-2.1-only ]",
      "locked_url": "https://github.com/flox/nixpkgs?rev=331800de5053fcebacf6813adb5db9c9dca22a0c",
      "name": "bun-1.3.13",
      "pname": "bun",
      "rev": "331800de5053fcebacf6813adb5db9c9dca22a0c",
      "rev_count": 1008282,
      "rev_date": "2026-05-31T16:09:29Z",
      "scrape_date": "2026-06-02T11:06:42.683897Z",
      "stabilities": [
        "unstable"
      ],
      "unfree": false,
      "version": "1.3.13",
      "outputs_to_install": [
        "out"
      ],
      "outputs": {
        "out": "/nix/store/z1cxjx705fswwjjns0sw2ysbd5jqxfgm-bun-1.3.13"
      },
      "system": "x86_64-linux",
      "group": "toplevel",
      "priority": 5
    }
  ]
}
